
Microsoft Visual Studio Solution File, Format Version 12.00
# Visual Studio 15
VisualStudioVersion = 15.0.28010.2046
MinimumVisualStudioVersion = 10.0.40219.1
Project("{FAE04EC0-301F-11D3-BF4B-00C04F79EFBC}") = "NeroSoft.RDP.Console.Client", "NeroSoft.RDP.Console.Client\NeroSoft.RDP.Console.Client.csproj", "{7D60989F-F21A-4D40-B0F2-ACFA900AA6E9}"
EndProject
Project("{FAE04EC0-301F-11D3-BF4B-00C04F79EFBC}") = "NeroSoft.RDP.Network", "NeroSoft.RDP.Network\NeroSoft.RDP.Network.csproj", "{A18E31FA-9F57-4AB2-9DB8-BC53260B5040}"
EndProject
Global
	GlobalSection(SolutionConfigurationPlatforms) = preSolution
		Debug|Any CPU = Debug|Any CPU
		Release|Any CPU = Release|Any CPU
	EndGlobalSection
	GlobalSection(ProjectConfigurationPlatforms) = postSolution
		{7D60989F-F21A-4D40-B0F2-ACFA900AA6E9}.Debug|Any CPU.ActiveCfg = Debug|Any CPU
		{7D60989F-F21A-4D40-B0F2-ACFA900AA6E9}.Debug|Any CPU.Build.0 = Debug|Any CPU
		{7D60989F-F21A-4D40-B0F2-ACFA900AA6E9}.Release|Any CPU.ActiveCfg = Release|Any CPU
		{7D60989F-F21A-4D40-B0F2-ACFA900AA6E9}.Release|Any CPU.Build.0 = Release|Any CPU
		{A18E31FA-9F57-4AB2-9DB8-BC53260B5040}.Debug|Any CPU.ActiveCfg = Debug|Any CPU
		{A18E31FA-9F57-4AB2-9DB8-BC53260B5040}.Debug|Any CPU.Build.0 = Debug|Any CPU
		{A18E31FA-9F57-4AB2-9DB8-BC53260B5040}.Release|Any CPU.ActiveCfg = Release|Any CPU
		{A18E31FA-9F57-4AB2-9DB8-BC53260B5040}.Release|Any CPU.Build.0 = Release|Any CPU
	EndGlobalSection
	GlobalSection(SolutionProperties) = preSolution
		HideSolutionNode = FALSE
	EndGlobalSection
	GlobalSection(ExtensibilityGlobals) = postSolution
		SolutionGuid = {48CE2A6E-88D0-4430-8823-477DB02AF2F1}
	EndGlobalSection
EndGlobal
